
Microsoft Visual Studio Solution File, Format Version 12.00
# Visual Studio Version 17
VisualStudioVersion = 17.5.33414.496
MinimumVisualStudioVersion = 10.0.40219.1
Project("{FAE04EC0-301F-11D3-BF4B-00C04F79EFBC}") = "MineApp", "MineApp\MineApp.csproj", "{5151B1AF-B484-48BE-A3E6-90A85DE9F265}"
EndProject
Project("{FAE04EC0-301F-11D3-BF4B-00C04F79EFBC}") = "AppApi", "AppApi\AppApi.csproj", "{DE407C50-8579-44B2-930C-8272F0272BDF}"
EndProject
Project("{FAE04EC0-301F-11D3-BF4B-00C04F79EFBC}") = "MineModels", "MineModels\MineModels.csproj", "{5134D1CC-CA9F-4380-A254-2C6D08F6BDFA}"
EndProject
Global
	GlobalSection(SolutionConfigurationPlatforms) = preSolution
		Debug|Any CPU = Debug|Any CPU
		Release|Any CPU = Release|Any CPU
	EndGlobalSection
	GlobalSection(ProjectConfigurationPlatforms) = postSolution
		{5151B1AF-B484-48BE-A3E6-90A85DE9F265}.Debug|Any CPU.ActiveCfg = Debug|Any CPU
		{5151B1AF-B484-48BE-A3E6-90A85DE9F265}.Debug|Any CPU.Build.0 = Debug|Any CPU
		{5151B1AF-B484-48BE-A3E6-90A85DE9F265}.Release|Any CPU.ActiveCfg = Release|Any CPU
		{5151B1AF-B484-48BE-A3E6-90A85DE9F265}.Release|Any CPU.Build.0 = Release|Any CPU
		{DE407C50-8579-44B2-930C-8272F0272BDF}.Debug|Any CPU.ActiveCfg = Debug|Any CPU
		{DE407C50-8579-44B2-930C-8272F0272BDF}.Debug|Any CPU.Build.0 = Debug|Any CPU
		{DE407C50-8579-44B2-930C-8272F0272BDF}.Release|Any CPU.ActiveCfg = Release|Any CPU
		{DE407C50-8579-44B2-930C-8272F0272BDF}.Release|Any CPU.Build.0 = Release|Any CPU
		{5134D1CC-CA9F-4380-A254-2C6D08F6BDFA}.Debug|Any CPU.ActiveCfg = Debug|Any CPU
		{5134D1CC-CA9F-4380-A254-2C6D08F6BDFA}.Debug|Any CPU.Build.0 = Debug|Any CPU
		{5134D1CC-CA9F-4380-A254-2C6D08F6BDFA}.Release|Any CPU.ActiveCfg = Release|Any CPU
		{5134D1CC-CA9F-4380-A254-2C6D08F6BDFA}.Release|Any CPU.Build.0 = Release|Any CPU
	EndGlobalSection
	GlobalSection(SolutionProperties) = preSolution
		HideSolutionNode = FALSE
	EndGlobalSection
	GlobalSection(ExtensibilityGlobals) = postSolution
		SolutionGuid = {AF407622-F721-44C6-B125-9D37816F4592}
	EndGlobalSection
EndGlobal
